<?xml version="1.0" encoding="UTF-8"?>
<Scheme
   LastUpgradeVersion = "0630"
   version = "1.3">
   <BuildAction
      parallelizeBuildables = "YES"
      buildImplicitDependencies = "YES">
      <BuildActionEntries>
         <BuildActionEntry
            buildForTesting = "YES"
            buildForRunning = "YES"
            buildForProfiling = "YES"
            buildForArchiving = "YES"
            buildForAnalyzing = "YES">
            <BuildableReference
               BuildableIdentifier = "primary"
               BlueprintIdentifier = "6BC004EF1B22050A0048630B"
               BuildableName = "SoundEffects WatchKit App.app"
               BlueprintName = "SoundEffects WatchKit App"
               ReferencedContainer = "container:SoundEffects.xcodeproj">
            </BuildableReference>
         </BuildActionEntry>
         <BuildActionEntry
            buildForTesting = "YES"
            buildForRunning = "YES"
            buildForProfiling = "YES"
            buildForArchiving = "YES"
            buildForAnalyzing = "YES">
            <BuildableReference
               BuildableIdentifier = "primary"
               BlueprintIdentifier = "6BC004E21B22050A0048630B"
               BuildableName = "SoundEffects WatchKit Extension.appex"
               BlueprintName = "SoundEffects WatchKit Extension"
               ReferencedContainer = "container:SoundEffects.xcodeproj">
            </BuildableReference>
         </BuildActionEntry>
         <BuildActionEntry
            buildForTesting = "YES"
            buildForRunning = "YES"
            buildForProfiling = "YES"
            buildForArchiving = "YES"
            buildForAnalyzing = "YES">
            <BuildableReference
               BuildableIdentifier = "primary"
               BlueprintIdentifier = "6B5471EB1B220233002BE808"
               BuildableName = "SoundEffects.app"
               BlueprintName = "SoundEffects"
               ReferencedContainer = "container:SoundEffects.xcodeproj">
            </BuildableReference>
         </BuildActionEntry>
      </BuildActionEntries>
   </BuildAction>
   <TestAction
      selectedDebuggerIdentifier = "Xcode.DebuggerFoundation.Debugger.LLDB"
      selectedLauncherIdentifier = "Xcode.DebuggerFoundation.Launcher.LLDB"
      shouldUseLaunchSchemeArgsEnv = "YES"
      buildConfiguration = "Debug">
      <Testables>
      </Testables>
      <MacroExpansion>
         <BuildableReference
            BuildableIdentifier = "primary"
            BlueprintIdentifier = "6BC004EF1B22050A0048630B"
            BuildableName = "SoundEffects WatchKit App.app"
            BlueprintName = "SoundEffects WatchKit App"
            ReferencedContainer = "container:SoundEffects.xcodeproj">
         </BuildableReference>
      </MacroExpansion>
   </TestAction>
   <LaunchAction
      selectedDebuggerIdentifier = "Xcode.DebuggerFoundation.Debugger.LLDB"
      selectedLauncherIdentifier = "Xcode.DebuggerFoundation.Launcher.LLDB"
      launchStyle = "0"
      useCustomWorkingDirectory = "NO"
      buildConfiguration = "Debug"
      ignoresPersistentStateOnLaunch = "NO"
      debugDocumentVersioning = "YES"
      allowLocationSimulation = "YES">
      <RemoteRunnable
         runnableDebuggingMode = "2"
         BundleIdentifier = "com.apple.springboard"
         RemotePath = "/SoundEffects">
         <BuildableReference
            BuildableIdentifier = "primary"
            BlueprintIdentifier = "6BC004EF1B22050A0048630B"
            BuildableName = "SoundEffects WatchKit App.app"
            BlueprintName = "SoundEffects WatchKit App"
            ReferencedContainer = "container:SoundEffects.xcodeproj">
         </BuildableReference>
      </RemoteRunnable>
      <MacroExpansion>
         <BuildableReference
            BuildableIdentifier = "primary"
            BlueprintIdentifier = "6BC004EF1B22050A0048630B"
            BuildableName = "SoundEffects WatchKit App.app"
            BlueprintName = "SoundEffects WatchKit App"
            ReferencedContainer = "container:SoundEffects.xcodeproj">
         </BuildableReference>
      </MacroExpansion>
      <AdditionalOptions>
      </AdditionalOptions>
   </LaunchAction>
   <ProfileAction
      shouldUseLaunchSchemeArgsEnv = "YES"
      savedToolIdentifier = ""
      useCustomWorkingDirectory = "NO"
      buildConfiguration = "Release"
      debugDocumentVersioning = "YES">
      <RemoteRunnable
         runnableDebuggingMode = "2"
         BundleIdentifier = "com.apple.springboard"
         RemotePath = "/SoundEffects">
         <BuildableReference
            BuildableIdentifier = "primary"
            BlueprintIdentifier = "6BC004EF1B22050A0048630B"
            BuildableName = "SoundEffects WatchKit App.app"
            BlueprintName = "SoundEffects WatchKit App"
            ReferencedContainer = "container:SoundEffects.xcodeproj">
         </BuildableReference>
      </RemoteRunnable>
      <MacroExpansion>
         <BuildableReference
            BuildableIdentifier = "primary"
            BlueprintIdentifier = "6BC004EF1B22050A0048630B"
            BuildableName = "SoundEffects WatchKit App.app"
            BlueprintName = "SoundEffects WatchKit App"
            ReferencedContainer = "container:SoundEffects.xcodeproj">
         </BuildableReference>
      </MacroExpansion>
   </ProfileAction>
   <AnalyzeAction
      buildConfiguration = "Debug">
   </AnalyzeAction>
   <ArchiveAction
      buildConfiguration = "Release"
      revealArchiveInOrganizer = "YES">
   </ArchiveAction>
</Scheme>
